<?xml version="1.0" encoding="utf-8"?>
<Project ToolsVersion="4.0" xmlns="http://schemas.microsoft.com/developer/msbuild/2003">
  <ItemGroup>
    <Filter Include="src">
      <UniqueIdentifier>{5affdbc9-f86c-44c9-b4c5-96ce6400d0c8}</UniqueIdentifier>
    </Filter>
    <Filter Include="src\base">
      <UniqueIdentifier>{ac52cbde-94bc-4cff-84d5-2646dc064f4e}</UniqueIdentifier>
    </Filter>
    <Filter Include="src\connection">
      <UniqueIdentifier>{130b16fa-7ddc-4b53-983a-7d7864bdd208}</UniqueIdentifier>
    </Filter>
    <Filter Include="src\connection\librtmp">
      <UniqueIdentifier>{19b0b784-964b-4b89-8836-b5ff49e4800e}</UniqueIdentifier>
    </Filter>
  </ItemGroup>
  <ItemGroup>
    <ClInclude Include="..\..\src\base\autoptr.h">
      <Filter>src\base</Filter>
    </ClInclude>
    <ClInclude Include="..\..\src\base\thread.h">
      <Filter>src\base</Filter>
    </ClInclude>
    <ClInclude Include="..\..\src\base\functor.h">
      <Filter>src\base</Filter>
    </ClInclude>
    <ClInclude Include="..\..\src\base\event.h">
      <Filter>src\base</Filter>
    </ClInclude>
    <ClInclude Include="..\..\src\base\mutex.h">
      <Filter>src\base</Filter>
    </ClInclude>
    <ClInclude Include="..\..\src\base\utils.h">
      <Filter>src\base</Filter>
    </ClInclude>
    <ClInclude Include="..\..\src\connection\rtmpconnection.h">
      <Filter>src\connection</Filter>
    </ClInclude>
    <ClInclude Include="..\..\src\connection\librtmp\rtmp.h">
      <Filter>src\connection\librtmp</Filter>
    </ClInclude>
    <ClInclude Include="..\..\src\connection\librtmp\rtmp_sys.h">
      <Filter>src\connection\librtmp</Filter>
    </ClInclude>
    <ClInclude Include="..\..\src\connection\librtmp\amf.h">
      <Filter>src\connection\librtmp</Filter>
    </ClInclude>
    <ClInclude Include="..\..\src\connection\librtmp\bytes.h">
      <Filter>src\connection\librtmp</Filter>
    </ClInclude>
    <ClInclude Include="..\..\src\connection\librtmp\dh.h">
      <Filter>src\connection\librtmp</Filter>
    </ClInclude>
    <ClInclude Include="..\..\src\connection\librtmp\dhgroups.h">
      <Filter>src\connection\librtmp</Filter>
    </ClInclude>
    <ClInclude Include="..\..\src\connection\librtmp\handshake.h">
      <Filter>src\connection\librtmp</Filter>
    </ClInclude>
    <ClInclude Include="..\..\src\connection\librtmp\http.h">
      <Filter>src\connection\librtmp</Filter>
    </ClInclude>
    <ClInclude Include="..\..\src\connection\librtmp\log.h">
      <Filter>src\connection\librtmp</Filter>
    </ClInclude>
    <ClInclude Include="..\..\src\avdefine.h">
      <Filter>src</Filter>
    </ClInclude>
  </ItemGroup>
  <ItemGroup>
    <ClCompile Include="..\..\src\base\thread.cpp">
      <Filter>src\base</Filter>
    </ClCompile>
    <ClCompile Include="..\..\src\base\event.cpp">
      <Filter>src\base</Filter>
    </ClCompile>
    <ClCompile Include="..\..\src\base\mutex.cpp">
      <Filter>src\base</Filter>
    </ClCompile>
    <ClCompile Include="..\..\src\base\utils.cpp">
      <Filter>src\base</Filter>
    </ClCompile>
    <ClCompile Include="..\..\src\connection\rtmpconnection.cpp">
      <Filter>src\connection</Filter>
    </ClCompile>
    <ClCompile Include="..\..\src\connection\librtmp\parseurl.c">
      <Filter>src\connection\librtmp</Filter>
    </ClCompile>
    <ClCompile Include="..\..\src\connection\librtmp\rtmp.c">
      <Filter>src\connection\librtmp</Filter>
    </ClCompile>
    <ClCompile Include="..\..\src\connection\librtmp\amf.c">
      <Filter>src\connection\librtmp</Filter>
    </ClCompile>
    <ClCompile Include="..\..\src\connection\librtmp\hashswf.c">
      <Filter>src\connection\librtmp</Filter>
    </ClCompile>
    <ClCompile Include="..\..\src\connection\librtmp\log.c">
      <Filter>src\connection\librtmp</Filter>
    </ClCompile>
  </ItemGroup>
</Project>